
Microsoft Visual Studio Solution File, Format Version 11.00
# Visual Studio 2010
Project("{FAE04EC0-301F-11D3-BF4B-00C04F79EFBC}") = "Gemini.CommandLine", "Gemini.CommandLine\Gemini.CommandLine.csproj", "{6460A4E4-F4C2-476D-851F-FAC5B1B83E0E}"
EndProject
Project("{FAE04EC0-301F-11D3-BF4B-00C04F79EFBC}") = "Gemini.CommandLine.Tests", "Gemini.CommandLine.Tests\Gemini.CommandLine.Tests.csproj", "{81BA1A72-E916-4BE6-99B9-69B1B3A2A48C}"
EndProject
Project("{2150E333-8FDC-42A3-9474-1A3956D46DE8}") = "Solution Items", "Solution Items", "{2C176449-E051-4C3C-8775-25E02B8E6018}"
	ProjectSection(SolutionItems) = preProject
		Coverage.testsettings = Coverage.testsettings
		Gemini.CommandLine.vsmdi = Gemini.CommandLine.vsmdi
		Local.testsettings = Local.testsettings
		TraceAndTestImpact.testsettings = TraceAndTestImpact.testsettings
	EndProjectSection
EndProject
Global
	GlobalSection(TestCaseManagementSettings) = postSolution
		CategoryFile = Gemini.CommandLine.vsmdi
	EndGlobalSection
	GlobalSection(SolutionConfigurationPlatforms) = preSolution
		Debug|Any CPU = Debug|Any CPU
		Release|Any CPU = Release|Any CPU
	EndGlobalSection
	GlobalSection(ProjectConfigurationPlatforms) = postSolution
		{6460A4E4-F4C2-476D-851F-FAC5B1B83E0E}.Debug|Any CPU.ActiveCfg = Debug|Any CPU
		{6460A4E4-F4C2-476D-851F-FAC5B1B83E0E}.Debug|Any CPU.Build.0 = Debug|Any CPU
		{6460A4E4-F4C2-476D-851F-FAC5B1B83E0E}.Release|Any CPU.ActiveCfg = Release|Any CPU
		{6460A4E4-F4C2-476D-851F-FAC5B1B83E0E}.Release|Any CPU.Build.0 = Release|Any CPU
		{81BA1A72-E916-4BE6-99B9-69B1B3A2A48C}.Debug|Any CPU.ActiveCfg = Debug|Any CPU
		{81BA1A72-E916-4BE6-99B9-69B1B3A2A48C}.Debug|Any CPU.Build.0 = Debug|Any CPU
		{81BA1A72-E916-4BE6-99B9-69B1B3A2A48C}.Release|Any CPU.ActiveCfg = Release|Any CPU
		{81BA1A72-E916-4BE6-99B9-69B1B3A2A48C}.Release|Any CPU.Build.0 = Release|Any CPU
	EndGlobalSection
	GlobalSection(SolutionProperties) = preSolution
		HideSolutionNode = FALSE
	EndGlobalSection
EndGlobal
